
Microsoft Visual Studio Solution File, Format Version 12.00
# Visual Studio Version 17
VisualStudioVersion = 17.9.34728.123
MinimumVisualStudioVersion = 10.0.40219.1
Project("{9A19103F-16F7-4668-BE54-9A1E7A4F7556}") = "PicMe.App", "PicMe.App\PicMe.App.csproj", "{D3ADF555-1A49-40FF-87C7-99C9B4AFF17A}"
EndProject
Global
	GlobalSection(SolutionConfigurationPlatforms) = preSolution
		Debug|Any CPU = Debug|Any CPU
		Release|Any CPU = Release|Any CPU
	EndGlobalSection
	GlobalSection(ProjectConfigurationPlatforms) = postSolution
		{D3ADF555-1A49-40FF-87C7-99C9B4AFF17A}.Debug|Any CPU.ActiveCfg = Debug|Any CPU
		{D3ADF555-1A49-40FF-87C7-99C9B4AFF17A}.Debug|Any CPU.Build.0 = Debug|Any CPU
		{D3ADF555-1A49-40FF-87C7-99C9B4AFF17A}.Debug|Any CPU.Deploy.0 = Debug|Any CPU
		{D3ADF555-1A49-40FF-87C7-99C9B4AFF17A}.Release|Any CPU.ActiveCfg = Release|Any CPU
		{D3ADF555-1A49-40FF-87C7-99C9B4AFF17A}.Release|Any CPU.Build.0 = Release|Any CPU
		{D3ADF555-1A49-40FF-87C7-99C9B4AFF17A}.Release|Any CPU.Deploy.0 = Release|Any CPU
	EndGlobalSection
	GlobalSection(SolutionProperties) = preSolution
		HideSolutionNode = FALSE
	EndGlobalSection
	GlobalSection(ExtensibilityGlobals) = postSolution
		SolutionGuid = {8D1CA3E4-F039-407C-BC7C-426AD212B633}
	EndGlobalSection
EndGlobal
